
Microsoft Visual Studio Solution File, Format Version 12.00
# Visual Studio Version 16
VisualStudioVersion = 16.0.31729.503
MinimumVisualStudioVersion = 10.0.40219.1
Project("{FAE04EC0-301F-11D3-BF4B-00C04F79EFBC}") = "Ciortea_Adrian_Lab2", "Ciortea_Adrian_Lab2.csproj", "{E87E77B1-56F7-4CA4-A01C-FED03C3D9628}"
EndProject
Global
	GlobalSection(SolutionConfigurationPlatforms) = preSolution
		Debug|Any CPU = Debug|Any CPU
		Release|Any CPU = Release|Any CPU
	EndGlobalSection
	GlobalSection(ProjectConfigurationPlatforms) = postSolution
		{E87E77B1-56F7-4CA4-A01C-FED03C3D9628}.Debug|Any CPU.ActiveCfg = Debug|Any CPU
		{E87E77B1-56F7-4CA4-A01C-FED03C3D9628}.Debug|Any CPU.Build.0 = Debug|Any CPU
		{E87E77B1-56F7-4CA4-A01C-FED03C3D9628}.Release|Any CPU.ActiveCfg = Release|Any CPU
		{E87E77B1-56F7-4CA4-A01C-FED03C3D9628}.Release|Any CPU.Build.0 = Release|Any CPU
	EndGlobalSection
	GlobalSection(SolutionProperties) = preSolution
		HideSolutionNode = FALSE
	EndGlobalSection
	GlobalSection(ExtensibilityGlobals) = postSolution
		SolutionGuid = {ECFBBCC5-356A-4724-B4FC-55AE18979D9A}
	EndGlobalSection
EndGlobal
